
Microsoft Visual Studio Solution File, Format Version 12.00
# Visual Studio Version 16
VisualStudioVersion = 16.0.29411.108
MinimumVisualStudioVersion = 10.0.40219.1
Project("{FAE04EC0-301F-11D3-BF4B-00C04F79EFBC}") = "Ex03.GarageLogic", "Ex03.GarageLogic\Ex03.GarageLogic.csproj", "{E370F467-49FC-4B43-9E27-0BFD7616F9BC}"
EndProject
Project("{FAE04EC0-301F-11D3-BF4B-00C04F79EFBC}") = "Ex03.ConsoleUI", "Ex03.ConsoleUI\Ex03.ConsoleUI.csproj", "{4BF7575C-775D-466E-BD7C-E273F3BEE3C2}"
EndProject
Global
	GlobalSection(SolutionConfigurationPlatforms) = preSolution
		Debug|Any CPU = Debug|Any CPU
		Release|Any CPU = Release|Any CPU
	EndGlobalSection
	GlobalSection(ProjectConfigurationPlatforms) = postSolution
		{E370F467-49FC-4B43-9E27-0BFD7616F9BC}.Debug|Any CPU.ActiveCfg = Debug|Any CPU
		{E370F467-49FC-4B43-9E27-0BFD7616F9BC}.Debug|Any CPU.Build.0 = Debug|Any CPU
		{E370F467-49FC-4B43-9E27-0BFD7616F9BC}.Release|Any CPU.ActiveCfg = Release|Any CPU
		{E370F467-49FC-4B43-9E27-0BFD7616F9BC}.Release|Any CPU.Build.0 = Release|Any CPU
		{4BF7575C-775D-466E-BD7C-E273F3BEE3C2}.Debug|Any CPU.ActiveCfg = Debug|Any CPU
		{4BF7575C-775D-466E-BD7C-E273F3BEE3C2}.Debug|Any CPU.Build.0 = Debug|Any CPU
		{4BF7575C-775D-466E-BD7C-E273F3BEE3C2}.Release|Any CPU.ActiveCfg = Release|Any CPU
		{4BF7575C-775D-466E-BD7C-E273F3BEE3C2}.Release|Any CPU.Build.0 = Release|Any CPU
	EndGlobalSection
	GlobalSection(SolutionProperties) = preSolution
		HideSolutionNode = FALSE
	EndGlobalSection
	GlobalSection(ExtensibilityGlobals) = postSolution
		SolutionGuid = {B85784B4-DF12-4465-99A0-47C2035A0EF5}
	EndGlobalSection
EndGlobal
